// !$*UTF8*$!
{
	archiveVersion = 1;
	classes = {
	};
	objectVersion = 56;
	objects = {

/* Begin PBXBuildFile section */
		47A568102A3D7AE8000687E7 /* AddressView.swift in Sources */ = {isa = PBXBuildFile; fileRef = 47A5680F2A3D7AE8000687E7 /* AddressView.swift */; };
		47A568122A3D7BB3000687E7 /* CheckoutView.swift in Sources */ = {isa = PBXBuildFile; fileRef = 47A568112A3D7BB3000687E7 /* CheckoutView.swift */; };
		47A568142A3F8BD7000687E7 /* OrderDetails.swift in Sources */ = {isa = PBXBuildFile; fileRef = 47A568132A3F8BD7000687E7 /* OrderDetails.swift */; };
		47F7293C2A3819CC009D1E0B /* CupcakeCornerApp.swift in Sources */ = {isa = PBXBuildFile; fileRef = 47F7293B2A3819CC009D1E0B /* CupcakeCornerApp.swift */; };
		47F7293E2A3819CC009D1E0B /* ContentView.swift in Sources */ = {isa = PBXBuildFile; fileRef = 47F7293D2A3819CC009D1E0B /* ContentView.swift */; };
		47F729402A3819CD009D1E0B /* Assets.xcassets in Resources */ = {isa = PBXBuildFile; fileRef = 47F7293F2A3819CD009D1E0B /* Assets.xcassets */; };
		47F729432A3819CD009D1E0B /* Preview Assets.xcassets in Resources */ = {isa = PBXBuildFile; fileRef = 47F729422A3819CD009D1E0B /* Preview Assets.xcassets */; };
		47F7294D2A3819CE009D1E0B /* CupcakeCornerTests.swift in Sources */ = {isa = PBXBuildFile; fileRef = 47F7294C2A3819CE009D1E0B /* CupcakeCornerTests.swift */; };
		47F729572A3819CE009D1E0B /* CupcakeCornerUITests.swift in Sources */ = {isa = PBXBuildFile; fileRef = 47F729562A3819CE009D1E0B /* CupcakeCornerUITests.swift */; };
		47F729592A3819CE009D1E0B /* CupcakeCornerUITestsLaunchTests.swift in Sources */ = {isa = PBXBuildFile; fileRef = 47F729582A3819CE009D1E0B /* CupcakeCornerUITestsLaunchTests.swift */; };
		47F729662A38258B009D1E0B /* Order.swift in Sources */ = {isa = PBXBuildFile; fileRef = 47F729652A38258B009D1E0B /* Order.swift */; };
/* End PBXBuildFile section */

/* Begin PBXContainerItemProxy section */
		47F729492A3819CE009D1E0B /* PBXContainerItemProxy */ = {
			isa = PBXContainerItemProxy;
			containerPortal = 47F729302A3819CC009D1E0B /* Project object */;
			proxyType = 1;
			remoteGlobalIDString = 47F729372A3819CC009D1E0B;
			remoteInfo = CupcakeCorner;
		};
		47F729532A3819CE009D1E0B /* PBXContainerItemProxy */ = {
			isa = PBXContainerItemProxy;
			containerPortal = 47F729302A3819CC009D1E0B /* Project object */;
			proxyType = 1;
			remoteGlobalIDString = 47F729372A3819CC009D1E0B;
			remoteInfo = CupcakeCorner;
		};
/* End PBXContainerItemProxy section */

/* Begin PBXFileReference section */
		47A5680F2A3D7AE8000687E7 /* AddressView.swift */ = {isa = PBXFileReference; lastKnownFileType = sourcecode.swift; path = AddressView.swift; sourceTree = "<group>"; };
		47A568112A3D7BB3000687E7 /* CheckoutView.swift */ = {isa = PBXFileReference; lastKnownFileType = sourcecode.swift; path = CheckoutView.swift; sourceTree = "<group>"; };
		47A568132A3F8BD7000687E7 /* OrderDetails.swift */ = {isa = PBXFileReference; lastKnownFileType = sourcecode.swift; path = OrderDetails.swift; sourceTree = "<group>"; };
		47F729382A3819CC009D1E0B /* CupcakeCorner.app */ = {isa = PBXFileReference; explicitFileType = wrapper.application; includeInIndex = 0; path = CupcakeCorner.app; sourceTree = BUILT_PRODUCTS_DIR; };
		47F7293B2A3819CC009D1E0B /* CupcakeCornerApp.swift */ = {isa = PBXFileReference; lastKnownFileType = sourcecode.swift; path = CupcakeCornerApp.swift; sourceTree = "<group>"; };
		47F7293D2A3819CC009D1E0B /* ContentView.swift */ = {isa = PBXFileReference; lastKnownFileType = sourcecode.swift; path = ContentView.swift; sourceTree = "<group>"; };
		47F7293F2A3819CD009D1E0B /* Assets.xcassets */ = {isa = PBXFileReference; lastKnownFileType = folder.assetcatalog; path = Assets.xcassets; sourceTree = "<group>"; };
		47F729422A3819CD009D1E0B /* Preview Assets.xcassets */ = {isa = PBXFileReference; lastKnownFileType = folder.assetcatalog; path = "Preview Assets.xcassets"; sourceTree = "<group>"; };
		47F729482A3819CE009D1E0B /* CupcakeCornerTests.xctest */ = {isa = PBXFileReference; explicitFileType = wrapper.cfbundle; includeInIndex = 0; path = CupcakeCornerTests.xctest; sourceTree = BUILT_PRODUCTS_DIR; };
		47F7294C2A3819CE009D1E0B /* CupcakeCornerTests.swift */ = {isa = PBXFileReference; lastKnownFileType = sourcecode.swift; path = CupcakeCornerTests.swift; sourceTree = "<group>"; };
		47F729522A3819CE009D1E0B /* CupcakeCornerUITests.xctest */ = {isa = PBXFileReference; explicitFileType = wrapper.cfbundle; includeInIndex = 0; path = CupcakeCornerUITests.xctest; sourceTree = BUILT_PRODUCTS_DIR; };
		47F729562A3819CE009D1E0B /* CupcakeCornerUITests.swift */ = {isa = PBXFileReference; lastKnownFileType = sourcecode.swift; path = CupcakeCornerUITests.swift; sourceTree = "<group>"; };
		47F729582A3819CE009D1E0B /* CupcakeCornerUITestsLaunchTests.swift */ = {isa = PBXFileReference; lastKnownFileType = sourcecode.swift; path = CupcakeCornerUITestsLaunchTests.swift; sourceTree = "<group>"; };
		47F729652A38258B009D1E0B /* Order.swift */ = {isa = PBXFileReference; lastKnownFileType = sourcecode.swift; path = Order.swift; sourceTree = "<group>"; };
/* End PBXFileReference section */

/* Begin PBXFrameworksBuildPhase section */
		47F729352A3819CC009D1E0B /* Frameworks */ = {
			isa = PBXFrameworksBuildPhase;
			buildActionMask = 2147483647;
			files = (
			);
			runOnlyForDeploymentPostprocessing = 0;
		};
		47F729452A3819CE009D1E0B /* Frameworks */ = {
			isa = PBXFrameworksBuildPhase;
			buildActionMask = 2147483647;
			files = (
			);
			runOnlyForDeploymentPostprocessing = 0;
		};
		47F7294F2A3819CE009D1E0B /* Frameworks */ = {
			isa = PBXFrameworksBuildPhase;
			buildActionMask = 2147483647;
			files = (
			);
			runOnlyForDeploymentPostprocessing = 0;
		};
/* End PBXFrameworksBuildPhase section */

/* Begin PBXGroup section */
		47F7292F2A3819CC009D1E0B = {
			isa = PBXGroup;
			children = (
				47F7293A2A3819CC009D1E0B /* CupcakeCorner */,
				47F7294B2A3819CE009D1E0B /* CupcakeCornerTests */,
				47F729552A3819CE009D1E0B /* CupcakeCornerUITests */,
				47F729392A3819CC009D1E0B /* Products */,
			);
			sourceTree = "<group>";
		};
		47F729392A3819CC009D1E0B /* Products */ = {
			isa = PBXGroup;
			children = (
				47F729382A3819CC009D1E0B /* CupcakeCorner.app */,
				47F729482A3819CE009D1E0B /* CupcakeCornerTests.xctest */,
				47F729522A3819CE009D1E0B /* CupcakeCornerUITests.xctest */,
			);
			name = Products;
			sourceTree = "<group>";
		};
		47F7293A2A3819CC009D1E0B /* CupcakeCorner */ = {
			isa = PBXGroup;
			children = (
				47F7293D2A3819CC009D1E0B /* ContentView.swift */,
				47A5680F2A3D7AE8000687E7 /* AddressView.swift */,
				47A568112A3D7BB3000687E7 /* CheckoutView.swift */,
				47F7293B2A3819CC009D1E0B /* CupcakeCornerApp.swift */,
				47F729652A38258B009D1E0B /* Order.swift */,
				47A568132A3F8BD7000687E7 /* OrderDetails.swift */,
				47F7293F2A3819CD009D1E0B /* Assets.xcassets */,
				47F729412A3819CD009D1E0B /* Preview Content */,
			);
			path = CupcakeCorner;
			sourceTree = "<group>";
		};
		47F729412A3819CD009D1E0B /* Preview Content */ = {
			isa = PBXGroup;
			children = (
				47F729422A3819CD009D1E0B /* Preview Assets.xcassets */,
			);
			path = "Preview Content";
			sourceTree = "<group>";
		};
		47F7294B2A3819CE009D1E0B /* CupcakeCornerTests */ = {
			isa = PBXGroup;
			children = (
				47F7294C2A3819CE009D1E0B /* CupcakeCornerTests.swift */,
			);
			path = CupcakeCornerTests;
			sourceTree = "<group>";
		};
		47F729552A3819CE009D1E0B /* CupcakeCornerUITests */ = {
			isa = PBXGroup;
			children = (
				47F729562A3819CE009D1E0B /* CupcakeCornerUITests.swift */,
				47F729582A3819CE009D1E0B /* CupcakeCornerUITestsLaunchTests.swift */,
			);
			path = CupcakeCornerUITests;
			sourceTree = "<group>";
		};
/* End PBXGroup section */

/* Begin PBXNativeTarget section */
		47F729372A3819CC009D1E0B /* CupcakeCorner */ = {
			isa = PBXNativeTarget;
			buildConfigurationList = 47F7295C2A3819CE009D1E0B /* Build configuration list for PBXNativeTarget "CupcakeCorner" */;
			buildPhases = (
				47F729342A3819CC009D1E0B /* Sources */,
				47F729352A3819CC009D1E0B /* Frameworks */,
				47F729362A3819CC009D1E0B /* Resources */,
			);
			buildRules = (
			);
			dependencies = (
			);
			name = CupcakeCorner;
			productName = CupcakeCorner;
			productReference = 47F729382A3819CC009D1E0B /* CupcakeCorner.app */;
			productType = "com.apple.product-type.application";
		};
		47F729472A3819CE009D1E0B /* CupcakeCornerTests */ = {
			isa = PBXNativeTarget;
			buildConfigurationList = 47F7295F2A3819CE009D1E0B /* Build configuration list for PBXNativeTarget "CupcakeCornerTests" */;
			buildPhases = (
				47F729442A3819CE009D1E0B /* Sources */,
				47F729452A3819CE009D1E0B /* Frameworks */,
				47F729462A3819CE009D1E0B /* Resources */,
			);
			buildRules = (
			);
			dependencies = (
				47F7294A2A3819CE009D1E0B /* PBXTargetDependency */,
			);
			name = CupcakeCornerTests;
			productName = CupcakeCornerTests;
			productReference = 47F729482A3819CE009D1E0B /* CupcakeCornerTests.xctest */;
			productType = "com.apple.product-type.bundle.unit-test";
		};
		47F729512A3819CE009D1E0B /* CupcakeCornerUITests */ = {
			isa = PBXNativeTarget;
			buildConfigurationList = 47F729622A3819CE009D1E0B /* Build configuration list for PBXNativeTarget "CupcakeCornerUITests" */;
			buildPhases = (
				47F7294E2A3819CE009D1E0B /* Sources */,
				47F7294F2A3819CE009D1E0B /* Frameworks */,
				47F729502A3819CE009D1E0B /* Resources */,
			);
			buildRules = (
			);
			dependencies = (
				47F729542A3819CE009D1E0B /* PBXTargetDependency */,
			);
			name = CupcakeCornerUITests;
			productName = CupcakeCornerUITests;
			productReference = 47F729522A3819CE009D1E0B /* CupcakeCornerUITests.xctest */;
			productType = "com.apple.product-type.bundle.ui-testing";
		};
/* End PBXNativeTarget section */

/* Begin PBXProject section */
		47F729302A3819CC009D1E0B /* Project object */ = {
			isa = PBXProject;
			attributes = {
				BuildIndependentTargetsInParallel = 1;
				LastSwiftUpdateCheck = 1430;
				LastUpgradeCheck = 1430;
				TargetAttributes = {
					47F729372A3819CC009D1E0B = {
						CreatedOnToolsVersion = 14.3.1;
					};
					47F729472A3819CE009D1E0B = {
						CreatedOnToolsVersion = 14.3.1;
						TestTargetID = 47F729372A3819CC009D1E0B;
					};
					47F729512A3819CE009D1E0B = {
						CreatedOnToolsVersion = 14.3.1;
						TestTargetID = 47F729372A3819CC009D1E0B;
					};
				};
			};
			buildConfigurationList = 47F729332A3819CC009D1E0B /* Build configuration list for PBXProject "CupcakeCorner" */;
			compatibilityVersion = "Xcode 14.0";
			developmentRegion = en;
			hasScannedForEncodings = 0;
			knownRegions = (
				en,
				Base,
			);
			mainGroup = 47F7292F2A3819CC009D1E0B;
			productRefGroup = 47F729392A3819CC009D1E0B /* Products */;
			projectDirPath = "";
			projectRoot = "";
			targets = (
				47F729372A3819CC009D1E0B /* CupcakeCorner */,
				47F729472A3819CE009D1E0B /* CupcakeCornerTests */,
				47F729512A3819CE009D1E0B /* CupcakeCornerUITests */,
			);
		};
/* End PBXProject section */

/* Begin PBXResourcesBuildPhase section */
		47F729362A3819CC009D1E0B /* Resources */ = {
			isa = PBXResourcesBuildPhase;
			buildActionMask = 2147483647;
			files = (
				47F729432A3819CD009D1E0B /* Preview Assets.xcassets in Resources */,
				47F729402A3819CD009D1E0B /* Assets.xcassets in Resources */,
			);
			runOnlyForDeploymentPostprocessing = 0;
		};
		47F729462A3819CE009D1E0B /* Resources */ = {
			isa = PBXResourcesBuildPhase;
			buildActionMask = 2147483647;
			files = (
			);
			runOnlyForDeploymentPostprocessing = 0;
		};
		47F729502A3819CE009D1E0B /* Resources */ = {
			isa = PBXResourcesBuildPhase;
			buildActionMask = 2147483647;
			files = (
			);
			runOnlyForDeploymentPostprocessing = 0;
		};
/* End PBXResourcesBuildPhase section */

/* Begin PBXSourcesBuildPhase section */
		47F729342A3819CC009D1E0B /* Sources */ = {
			isa = PBXSourcesBuildPhase;
			buildActionMask = 2147483647;
			files = (
				47F729662A38258B009D1E0B /* Order.swift in Sources */,
				47A568142A3F8BD7000687E7 /* OrderDetails.swift in Sources */,
				47A568102A3D7AE8000687E7 /* AddressView.swift in Sources */,
				47A568122A3D7BB3000687E7 /* CheckoutView.swift in Sources */,
				47F7293E2A3819CC009D1E0B /* ContentView.swift in Sources */,
				47F7293C2A3819CC009D1E0B /* CupcakeCornerApp.swift in Sources */,
			);
			runOnlyForDeploymentPostprocessing = 0;
		};
		47F729442A3819CE009D1E0B /* Sources */ = {
			isa = PBXSourcesBuildPhase;
			buildActionMask = 2147483647;
			files = (
				47F7294D2A3819CE009D1E0B /* CupcakeCornerTests.swift in Sources */,
			);
			runOnlyForDeploymentPostprocessing = 0;
		};
		47F7294E2A3819CE009D1E0B /* Sources */ = {
			isa = PBXSourcesBuildPhase;
			buildActionMask = 2147483647;
			files = (
				47F729592A3819CE009D1E0B /* CupcakeCornerUITestsLaunchTests.swift in Sources */,
				47F729572A3819CE009D1E0B /* CupcakeCornerUITests.swift in Sources */,
			);
			runOnlyForDeploymentPostprocessing = 0;
		};
/* End PBXSourcesBuildPhase section */

/* Begin PBXTargetDependency section */
		47F7294A2A3819CE009D1E0B /* PBXTargetDependency */ = {
			isa = PBXTargetDependency;
			target = 47F729372A3819CC009D1E0B /* CupcakeCorner */;
			targetProxy = 47F729492A3819CE009D1E0B /* PBXContainerItemProxy */;
		};
		47F729542A3819CE009D1E0B /* PBXTargetDependency */ = {
			isa = PBXTargetDependency;
			target = 47F729372A3819CC009D1E0B /* CupcakeCorner */;
			targetProxy = 47F729532A3819CE009D1E0B /* PBXContainerItemProxy */;
		};
/* End PBXTargetDependency section */

/* Begin XCBuildConfiguration section */
		47F7295A2A3819CE009D1E0B /* Debug */ = {
			isa = XCBuildConfiguration;
			buildSettings = {
				ALWAYS_SEARCH_USER_PATHS = NO;
				CLANG_ANALYZER_NONNULL = YES;
				CLANG_ANALYZER_NUMBER_OBJECT_CONVERSION = YES_AGGRESSIVE;
				CLANG_CXX_LANGUAGE_STANDARD = "gnu++20";
				CLANG_ENABLE_MODULES = YES;
				CLANG_ENABLE_OBJC_ARC = YES;
				CLANG_ENABLE_OBJC_WEAK = YES;
				CLANG_WARN_BLOCK_CAPTURE_AUTORELEASING = YES;
				CLANG_WARN_BOOL_CONVERSION = YES;
				CLANG_WARN_COMMA = YES;
				CLANG_WARN_CONSTANT_CONVERSION = YES;
				CLANG_WARN_DEPRECATED_OBJC_IMPLEMENTATIONS = YES;
				CLANG_WARN_DIRECT_OBJC_ISA_USAGE = YES_ERROR;
				CLANG_WARN_DOCUMENTATION_COMMENTS = YES;
				CLANG_WARN_EMPTY_BODY = YES;
				CLANG_WARN_ENUM_CONVERSION = YES;
				CLANG_WARN_INFINITE_RECURSION = YES;
				CLANG_WARN_INT_CONVERSION = YES;
				CLANG_WARN_NON_LITERAL_NULL_CONVERSION = YES;
				CLANG_WARN_OBJC_IMPLICIT_RETAIN_SELF = YES;
				CLANG_WARN_OBJC_LITERAL_CONVERSION = YES;
				CLANG_WARN_OBJC_ROOT_CLASS = YES_ERROR;
				CLANG_WARN_QUOTED_INCLUDE_IN_FRAMEWORK_HEADER = YES;
				CLANG_WARN_RANGE_LOOP_ANALYSIS = YES;
				CLANG_WARN_STRICT_PROTOTYPES = YES;
				CLANG_WARN_SUSPICIOUS_MOVE = YES;
				CLANG_WARN_UNGUARDED_AVAILABILITY = YES_AGGRESSIVE;
				CLANG_WARN_UNREACHABLE_CODE = YES;
				CLANG_WARN__DUPLICATE_METHOD_MATCH = YES;
				COPY_PHASE_STRIP = NO;
				DEBUG_INFORMATION_FORMAT = dwarf;
				ENABLE_STRICT_OBJC_MSGSEND = YES;
				ENABLE_TESTABILITY = YES;
				GCC_C_LANGUAGE_STANDARD = gnu11;
				GCC_DYNAMIC_NO_PIC = NO;
				GCC_NO_COMMON_BLOCKS = YES;
				GCC_OPTIMIZATION_LEVEL = 0;
				GCC_PREPROCESSOR_DEFINITIONS = (
					"DEBUG=1",
					"$(inherited)",
				);
				GCC_WARN_64_TO_32_BIT_CONVERSION = YES;
				GCC_WARN_ABOUT_RETURN_TYPE = YES_ERROR;
				GCC_WARN_UNDECLARED_SELECTOR = YES;
				GCC_WARN_UNINITIALIZED_AUTOS = YES_AGGRESSIVE;
				GCC_WARN_UNUSED_FUNCTION = YES;
				GCC_WARN_UNUSED_VARIABLE = YES;
				IPHONEOS_DEPLOYMENT_TARGET = 16.4;
				MTL_ENABLE_DEBUG_INFO = INCLUDE_SOURCE;
				MTL_FAST_MATH = YES;
				ONLY_ACTIVE_ARCH = YES;
				SDKROOT = iphoneos;
				SWIFT_ACTIVE_COMPILATION_CONDITIONS = DEBUG;
				SWIFT_OPTIMIZATION_LEVEL = "-Onone";
			};
			name = Debug;
		};
		47F7295B2A3819CE009D1E0B /* Release */ = {
			isa = XCBuildConfiguration;
			buildSettings = {
				ALWAYS_SEARCH_USER_PATHS = NO;
				CLANG_ANALYZER_NONNULL = YES;
				CLANG_ANALYZER_NUMBER_OBJECT_CONVERSION = YES_AGGRESSIVE;
				CLANG_CXX_LANGUAGE_STANDARD = "gnu++20";
				CLANG_ENABLE_MODULES = YES;
				CLANG_ENABLE_OBJC_ARC = YES;
				CLANG_ENABLE_OBJC_WEAK = YES;
				CLANG_WARN_BLOCK_CAPTURE_AUTORELEASING = YES;
				CLANG_WARN_BOOL_CONVERSION = YES;
				CLANG_WARN_COMMA = YES;
				CLANG_WARN_CONSTANT_CONVERSION = YES;
				CLANG_WARN_DEPRECATED_OBJC_IMPLEMENTATIONS = YES;
				CLANG_WARN_DIRECT_OBJC_ISA_USAGE = YES_ERROR;
				CLANG_WARN_DOCUMENTATION_COMMENTS = YES;
				CLANG_WARN_EMPTY_BODY = YES;
				CLANG_WARN_ENUM_CONVERSION = YES;
				CLANG_WARN_INFINITE_RECURSION = YES;
				CLANG_WARN_INT_CONVERSION = YES;
				CLANG_WARN_NON_LITERAL_NULL_CONVERSION = YES;
				CLANG_WARN_OBJC_IMPLICIT_RETAIN_SELF = YES;
				CLANG_WARN_OBJC_LITERAL_CONVERSION = YES;
				CLANG_WARN_OBJC_ROOT_CLASS = YES_ERROR;
				CLANG_WARN_QUOTED_INCLUDE_IN_FRAMEWORK_HEADER = YES;
				CLANG_WARN_RANGE_LOOP_ANALYSIS = YES;
				CLANG_WARN_STRICT_PROTOTYPES = YES;
				CLANG_WARN_SUSPICIOUS_MOVE = YES;
				CLANG_WARN_UNGUARDED_AVAILABILITY = YES_AGGRESSIVE;
				CLANG_WARN_UNREACHABLE_CODE = YES;
				CLANG_WARN__DUPLICATE_METHOD_MATCH = YES;
				COPY_PHASE_STRIP = NO;
				DEBUG_INFORMATION_FORMAT = "dwarf-with-dsym";
				ENABLE_NS_ASSERTIONS = NO;
				ENABLE_STRICT_OBJC_MSGSEND = YES;
				GCC_C_LANGUAGE_STANDARD = gnu11;
				GCC_NO_COMMON_BLOCKS = YES;
				GCC_WARN_64_TO_32_BIT_CONVERSION = YES;
				GCC_WARN_ABOUT_RETURN_TYPE = YES_ERROR;
				GCC_WARN_UNDECLARED_SELECTOR = YES;
				GCC_WARN_UNINITIALIZED_AUTOS = YES_AGGRESSIVE;
				GCC_WARN_UNUSED_FUNCTION = YES;
				GCC_WARN_UNUSED_VARIABLE = YES;
				IPHONEOS_DEPLOYMENT_TARGET = 16.4;
				MTL_ENABLE_DEBUG_INFO = NO;
				MTL_FAST_MATH = YES;
				SDKROOT = iphoneos;
				SWIFT_COMPILATION_MODE = wholemodule;
				SWIFT_OPTIMIZATION_LEVEL = "-O";
				VALIDATE_PRODUCT = YES;
			};
			name = Release;
		};
		47F7295D2A3819CE009D1E0B /* Debug */ = {
			isa = XCBuildConfiguration;
			buildSettings = {
				ASSETCATALOG_COMPILER_APPICON_NAME = AppIcon;
				ASSETCATALOG_COMPILER_GLOBAL_ACCENT_COLOR_NAME = AccentColor;
				CODE_SIGN_STYLE = Automatic;
				CURRENT_PROJECT_VERSION = 1;
				DEVELOPMENT_ASSET_PATHS = "\"CupcakeCorner/Preview Content\"";
				DEVELOPMENT_TEAM = GW474U252V;
				ENABLE_PREVIEWS = YES;
				GENERATE_INFOPLIST_FILE = YES;
				INFOPLIST_KEY_UIApplicationSceneManifest_Generation = YES;
				INFOPLIST_KEY_UIApplicationSupportsIndirectInputEvents = YES;
				INFOPLIST_KEY_UILaunchScreen_Generation = YES;
				INFOPLIST_KEY_UISupportedInterfaceOrientations_iPad = "UIInterfaceOrientationPortrait UIInterfaceOrientationPortraitUpsideDown UIInterfaceOrientationLandscapeLeft UIInterfaceOrientationLandscapeRight";
				INFOPLIST_KEY_UISupportedInterfaceOrientations_iPhone = "UIInterfaceOrientationPortrait UIInterfaceOrientationLandscapeLeft UIInterfaceOrientationLandscapeRight";
				LD_RUNPATH_SEARCH_PATHS = (
					"$(inherited)",
					"@executable_path/Frameworks",
				);
				MARKETING_VERSION = 1.0;
				PRODUCT_BUNDLE_IDENTIFIER = com.dev.rockpaperscissor.CupcakeCorner;
				PRODUCT_NAME = "$(TARGET_NAME)";
				SWIFT_EMIT_LOC_STRINGS = YES;
				SWIFT_VERSION = 5.0;
				TARGETED_DEVICE_FAMILY = "1,2";
			};
			name = Debug;
		};
		47F7295E2A3819CE009D1E0B /* Release */ = {
			isa = XCBuildConfiguration;
			buildSettings = {
				ASSETCATALOG_COMPILER_APPICON_NAME = AppIcon;
				ASSETCATALOG_COMPILER_GLOBAL_ACCENT_COLOR_NAME = AccentColor;
				CODE_SIGN_STYLE = Automatic;
				CURRENT_PROJECT_VERSION = 1;
				DEVELOPMENT_ASSET_PATHS = "\"CupcakeCorner/Preview Content\"";
				DEVELOPMENT_TEAM = GW474U252V;
				ENABLE_PREVIEWS = YES;
				GENERATE_INFOPLIST_FILE = YES;
				INFOPLIST_KEY_UIApplicationSceneManifest_Generation = YES;
				INFOPLIST_KEY_UIApplicationSupportsIndirectInputEvents = YES;
				INFOPLIST_KEY_UILaunchScreen_Generation = YES;
				INFOPLIST_KEY_UISupportedInterfaceOrientations_iPad = "UIInterfaceOrientationPortrait UIInterfaceOrientationPortraitUpsideDown UIInterfaceOrientationLandscapeLeft UIInterfaceOrientationLandscapeRight";
				INFOPLIST_KEY_UISupportedInterfaceOrientations_iPhone = "UIInterfaceOrientationPortrait UIInterfaceOrientationLandscapeLeft UIInterfaceOrientationLandscapeRight";
				LD_RUNPATH_SEARCH_PATHS = (
					"$(inherited)",
					"@executable_path/Frameworks",
				);
				MARKETING_VERSION = 1.0;
				PRODUCT_BUNDLE_IDENTIFIER = com.dev.rockpaperscissor.CupcakeCorner;
				PRODUCT_NAME = "$(TARGET_NAME)";
				SWIFT_EMIT_LOC_STRINGS = YES;
				SWIFT_VERSION = 5.0;
				TARGETED_DEVICE_FAMILY = "1,2";
			};
			name = Release;
		};
		47F729602A3819CE009D1E0B /* Debug */ = {
			isa = XCBuildConfiguration;
			buildSettings = {
				ALWAYS_EMBED_SWIFT_STANDARD_LIBRARIES = YES;
				BUNDLE_LOADER = "$(TEST_HOST)";
				CODE_SIGN_STYLE = Automatic;
				CURRENT_PROJECT_VERSION = 1;
				DEVELOPMENT_TEAM = GW474U252V;
				GENERATE_INFOPLIST_FILE = YES;
				IPHONEOS_DEPLOYMENT_TARGET = 16.4;
				MARKETING_VERSION = 1.0;
				PRODUCT_BUNDLE_IDENTIFIER = com.dev.rockpaperscissor.CupcakeCornerTests;
				PRODUCT_NAME = "$(TARGET_NAME)";
				SWIFT_EMIT_LOC_STRINGS = NO;
				SWIFT_VERSION = 5.0;
				TARGETED_DEVICE_FAMILY = "1,2";
				TEST_HOST = "$(BUILT_PRODUCTS_DIR)/CupcakeCorner.app/$(BUNDLE_EXECUTABLE_FOLDER_PATH)/CupcakeCorner";
			};
			name = Debug;
		};
		47F729612A3819CE009D1E0B /* Release */ = {
			isa = XCBuildConfiguration;
			buildSettings = {
				ALWAYS_EMBED_SWIFT_STANDARD_LIBRARIES = YES;
				BUNDLE_LOADER = "$(TEST_HOST)";
				CODE_SIGN_STYLE = Automatic;
				CURRENT_PROJECT_VERSION = 1;
				DEVELOPMENT_TEAM = GW474U252V;
				GENERATE_INFOPLIST_FILE = YES;
				IPHONEOS_DEPLOYMENT_TARGET = 16.4;
				MARKETING_VERSION = 1.0;
				PRODUCT_BUNDLE_IDENTIFIER = com.dev.rockpaperscissor.CupcakeCornerTests;
				PRODUCT_NAME = "$(TARGET_NAME)";
				SWIFT_EMIT_LOC_STRINGS = NO;
				SWIFT_VERSION = 5.0;
				TARGETED_DEVICE_FAMILY = "1,2";
				TEST_HOST = "$(BUILT_PRODUCTS_DIR)/CupcakeCorner.app/$(BUNDLE_EXECUTABLE_FOLDER_PATH)/CupcakeCorner";
			};
			name = Release;
		};
		47F729632A3819CE009D1E0B /* Debug */ = {
			isa = XCBuildConfiguration;
			buildSettings = {
				ALWAYS_EMBED_SWIFT_STANDARD_LIBRARIES = YES;
				CODE_SIGN_STYLE = Automatic;
				CURRENT_PROJECT_VERSION = 1;
				DEVELOPMENT_TEAM = GW474U252V;
				GENERATE_INFOPLIST_FILE = YES;
				MARKETING_VERSION = 1.0;
				PRODUCT_BUNDLE_IDENTIFIER = com.dev.rockpaperscissor.CupcakeCornerUITests;
				PRODUCT_NAME = "$(TARGET_NAME)";
				SWIFT_EMIT_LOC_STRINGS = NO;
				SWIFT_VERSION = 5.0;
				TARGETED_DEVICE_FAMILY = "1,2";
				TEST_TARGET_NAME = CupcakeCorner;
			};
			name = Debug;
		};
		47F729642A3819CE009D1E0B /* Release */ = {
			isa = XCBuildConfiguration;
			buildSettings = {
				ALWAYS_EMBED_SWIFT_STANDARD_LIBRARIES = YES;
				CODE_SIGN_STYLE = Automatic;
				CURRENT_PROJECT_VERSION = 1;
				DEVELOPMENT_TEAM = GW474U252V;
				GENERATE_INFOPLIST_FILE = YES;
				MARKETING_VERSION = 1.0;
				PRODUCT_BUNDLE_IDENTIFIER = com.dev.rockpaperscissor.CupcakeCornerUITests;
				PRODUCT_NAME = "$(TARGET_NAME)";
				SWIFT_EMIT_LOC_STRINGS = NO;
				SWIFT_VERSION = 5.0;
				TARGETED_DEVICE_FAMILY = "1,2";
				TEST_TARGET_NAME = CupcakeCorner;
			};
			name = Release;
		};
/* End XCBuildConfiguration section */

/* Begin XCConfigurationList section */
		47F729332A3819CC009D1E0B /* Build configuration list for PBXProject "CupcakeCorner" */ = {
			isa = XCConfigurationList;
			buildConfigurations = (
				47F7295A2A3819CE009D1E0B /* Debug */,
				47F7295B2A3819CE009D1E0B /* Release */,
			);
			defaultConfigurationIsVisible = 0;
			defaultConfigurationName = Release;
		};
		47F7295C2A3819CE009D1E0B /* Build configuration list for PBXNativeTarget "CupcakeCorner" */ = {
			isa = XCConfigurationList;
			buildConfigurations = (
				47F7295D2A3819CE009D1E0B /* Debug */,
				47F7295E2A3819CE009D1E0B /* Release */,
			);
			defaultConfigurationIsVisible = 0;
			defaultConfigurationName = Release;
		};
		47F7295F2A3819CE009D1E0B /* Build configuration list for PBXNativeTarget "CupcakeCornerTests" */ = {
			isa = XCConfigurationList;
			buildConfigurations = (
				47F729602A3819CE009D1E0B /* Debug */,
				47F729612A3819CE009D1E0B /* Release */,
			);
			defaultConfigurationIsVisible = 0;
			defaultConfigurationName = Release;
		};
		47F729622A3819CE009D1E0B /* Build configuration list for PBXNativeTarget "CupcakeCornerUITests" */ = {
			isa = XCConfigurationList;
			buildConfigurations = (
				47F729632A3819CE009D1E0B /* Debug */,
				47F729642A3819CE009D1E0B /* Release */,
			);
			defaultConfigurationIsVisible = 0;
			defaultConfigurationName = Release;
		};
/* End XCConfigurationList section */
	};
	rootObject = 47F729302A3819CC009D1E0B /* Project object */;
}
